
Microsoft Visual Studio Solution File, Format Version 12.00
# Visual Studio 15
VisualStudioVersion = 15.0.28307.645
MinimumVisualStudioVersion = 10.0.40219.1
Project("{9A19103F-16F7-4668-BE54-9A1E7A4F7556}") = "ExpensesBE.API", "ExpensesBE.API\ExpensesBE.API.csproj", "{9E1FDC92-69A5-412E-8C60-6536ECFFFA0D}"
EndProject
Project("{FAE04EC0-301F-11D3-BF4B-00C04F79EFBC}") = "BDY.IDP", "src\BDY.IDP\BDY.IDP.csproj", "{4721E82D-DE5B-4B41-A243-BBB754C3AAC7}"
EndProject
Global
	GlobalSection(SolutionConfigurationPlatforms) = preSolution
		Debug|Any CPU = Debug|Any CPU
		Release|Any CPU = Release|Any CPU
	EndGlobalSection
	GlobalSection(ProjectConfigurationPlatforms) = postSolution
		{9E1FDC92-69A5-412E-8C60-6536ECFFFA0D}.Debug|Any CPU.ActiveCfg = Debug|Any CPU
		{9E1FDC92-69A5-412E-8C60-6536ECFFFA0D}.Debug|Any CPU.Build.0 = Debug|Any CPU
		{9E1FDC92-69A5-412E-8C60-6536ECFFFA0D}.Release|Any CPU.ActiveCfg = Release|Any CPU
		{9E1FDC92-69A5-412E-8C60-6536ECFFFA0D}.Release|Any CPU.Build.0 = Release|Any CPU
		{4721E82D-DE5B-4B41-A243-BBB754C3AAC7}.Debug|Any CPU.ActiveCfg = Debug|Any CPU
		{4721E82D-DE5B-4B41-A243-BBB754C3AAC7}.Debug|Any CPU.Build.0 = Debug|Any CPU
		{4721E82D-DE5B-4B41-A243-BBB754C3AAC7}.Release|Any CPU.ActiveCfg = Release|Any CPU
		{4721E82D-DE5B-4B41-A243-BBB754C3AAC7}.Release|Any CPU.Build.0 = Release|Any CPU
	EndGlobalSection
	GlobalSection(SolutionProperties) = preSolution
		HideSolutionNode = FALSE
	EndGlobalSection
	GlobalSection(ExtensibilityGlobals) = postSolution
		SolutionGuid = {D2F906A9-51FB-4C8C-9FE2-BEB1A955612F}
	EndGlobalSection
EndGlobal
